# This file is automatically @generated by Cargo.
# It is not intended for manual editing.
version = 4

[[package]]
name = "wari-abi"
version = "0.0.1"

[[package]]
name = "wari-hello"
version = "0.0.1"
dependencies = [
 "wari-abi",
]

[[package]]
name = "wari-integration-tests"
version = "0.0.1"

[[package]]
name = "wari-kernel"
version = "0.0.1"
dependencies = [
 "wari-abi",
 "wari-mem",
]

[[package]]
name = "wari-mem"
version = "0.0.1"

[[package]]
name = "wari-wasi"
version = "0.0.1"
dependencies = [
 "wari-abi",
]
